github.com/antlr4-go/antlr/v4 v4.13.1 h1:SqQKkuVZ+zWkMMNkjy5FZe5mr5WURWnlpmOuzYWrPrQ=
github.com/antlr4-go/antlr/v4 v4.13.1/go.mod h1:GKmUxMtwp6ZgGwZSva4eWPC5mS6vUAmOABFgjdkM7Nw=
github.com/authzed/authzed-go v0.11.2-0.20240507202708-8b150c491e4a h1:jQFRCVWTfisWRbs2C3Nmn8RoI0/pCSnsdXmHv01EOYg=
github.com/authzed/authzed-go v0.11.2-0.20240507202708-8b150c491e4a/go.mod h1:6cIxOivUQPOstQnt0jJ7sRtW91Y0e548zZpy7h8w+mU=
github.com/authzed/cel-go v0.20.2 h1:GlmLecGry7Z8HU0k+hmaHHUV05ZHrsFxduXHtIePvck=
github.com/authzed/cel-go v0.20.2/go.mod h1:pJHVFWbqUHV1J+klQoZubdKswlbxcsbojda3mye9kiU=
github.com/authzed/spicedb v1.33.0 h1:HHEvUMEdenbb8gm194L6BB+jaabRRJT5mx1Bqf+QQz8=
github.com/authzed/spicedb v1.33.0/go.mod h1:nYYRk+VeH559jKqSKNr70Uh64Sc9vdLjNQTGZtfeHQc=
github.com/coreos/go-systemd/v22 v22.5.0/go.mod h1:Y58oyj3AT4RCenI/lSvhwexgC+NSVTIJ3seZv2GcEnc=
github.com/davecgh/go-spew v1.1.0/go.mod h1:J7Y8YcW2NihsgmVo/mv3lAwl/skON4iLHjSsI+c5H38=
github.com/davecgh/go-spew v1.1.1 h1:vj9j/u1bqnvCEfJOwUhtlOARqs3+rkHYY13jYWTU97c=
github.com/davecgh/go-spew v1.1.1/go.mod h1:J7Y8YcW2NihsgmVo/mv3lAwl/skON4iLHjSsI+c5H38=
github.com/davecgh/go-spew v1.1.2-0.20180830191138-d8f796af33cc h1:U9qPSI2PIWSS1VwoXQT9A3Wy9MM3WgvqSxFWenqJduM=
github.com/davecgh/go-spew v1.1.2-0.20180830191138-d8f796af33cc/go.mod h1:J7Y8YcW2NihsgmVo/mv3lAwl/skON4iLHjSsI+c5H38=
github.com/emirpasic/gods v1.18.1 h1:FXtiHYKDGKCW2KzwZKx0iC0PQmdlorYgdFG9jPXJ1Bc=
github.com/emirpasic/gods v1.18.1/go.mod h1:8tpGGwCnJ5H4r6BWwaV6OrWmMoPhUl5jm/FMNAnJvWQ=
github.com/envoyproxy/protoc-gen-validate v1.0.4 h1:gVPz/FMfvh57HdSJQyvBtF00j8JU4zdyUgIUNhlgg0A=
github.com/envoyproxy/protoc-gen-validate v1.0.4/go.mod h1:qys6tmnRsYrQqIhm2bvKZH4Blx/1gTIZ2UKVY1M+Yew=
github.com/go-errors/errors v1.5.1 h1:ZwEMSLRCapFLflTpT7NKaAc7ukJ8ZPEjzlxt8rPN8bk=
github.com/go-errors/errors v1.5.1/go.mod h1:sIVyrIiJhuEF+Pj9Ebtd6P/rEYROXFi3BopGUQ5a5Og=
github.com/go-jose/go-jose/v4 v4.1.4 h1:moDMcTHmvE6Groj34emNPLs/qtYXRVcd6S7NHbHz3kA=
github.com/go-jose/go-jose/v4 v4.1.4/go.mod h1:x4oUasVrzR7071A4TnHLGSPpNOm2a21K9Kf04k1rs08=
github.com/godbus/dbus/v5 v5.0.4/go.mod h1:xhWf0FNVPg57R7Z0UbKHbJfkEywrmjJnf7w5xrFpKfA=
github.com/grpc-ecosystem/grpc-gateway/v2 v2.19.1 h1:/c3QmbOGMGTOumP2iT/rCwB7b0QDGLKzqOmktBjT+Is=
github.com/grpc-ecosystem/grpc-gateway/v2 v2.19.1/go.mod h1:5SN9VR2LTsRFsrEC6FHgRbTWrTHu6tqPeKxEQv15giM=
github.com/jzelinskie/stringz v0.0.3 h1:0GhG3lVMYrYtIvRbxvQI6zqRTT1P1xyQlpa0FhfUXas=
github.com/jzelinskie/stringz v0.0.3/go.mod h1:hHYbgxJuNLRw91CmpuFsYEOyQqpDVFg8pvEh23vy4P0=
github.com/mattn/go-colorable v0.1.13 h1:fFA4WZxdEF4tXPZVKMLwD8oUnCTTo08duU7wxecdEvA=
github.com/mattn/go-colorable v0.1.13/go.mod h1:7S9/ev0klgBDR4GtXTXX8a3vIGJpMovkB8vQcUbaXHg=
github.com/mattn/go-isatty v0.0.16/go.mod h1:kYGgaQfpe5nmfYZH+SKPsOc2e4SrIfOl2e/yFXSvRLM=
github.com/mattn/go-isatty v0.0.19/go.mod h1:W+V8PltTTMOvKvAeJH7IuucS94S2C6jfK/D7dTCTo3Y=
github.com/mattn/go-isatty v0.0.20 h1:xfD0iDuEKnDkl03q4limB+vH+GxLEtL/jb4xVJSWWEY=
github.com/mattn/go-isatty v0.0.20/go.mod h1:W+V8PltTTMOvKvAeJH7IuucS94S2C6jfK/D7dTCTo3Y=
github.com/pkg/errors v0.9.1/go.mod h1:bwawxfHBFNV+L2hUp1rHADufV3IMtnDRdf1r5NINEl0=
github.com/planetscale/vtprotobuf v0.6.0 h1:nBeETjudeJ5ZgBHUz1fVHvbqUKnYOXNhsIEabROxmNA=
github.com/planetscale/vtprotobuf v0.6.0/go.mod h1:t/avpk3KcrXxUnYOhZhMXJlSEyie6gQbtLq5NM3loB8=
github.com/pmezard/go-difflib v1.0.0 h1:4DBwDE0NGyQoBHbLQYPwSUPoCMWR5BEzIk/f1lZbAQM=
github.com/pmezard/go-difflib v1.0.0/go.mod h1:iKH77koFhYxTK1pcRnkKkqfTogsbg7gZNVY4sRDYZ/4=
github.com/pmezard/go-difflib v1.0.1-0.20181226105442-5d4384ee4fb2 h1:Jamvg5psRIccs7FGNTlIRMkT8wgtp5eCXdBlqhYGL6U=
github.com/pmezard/go-difflib v1.0.1-0.20181226105442-5d4384ee4fb2/go.mod h1:iKH77koFhYxTK1pcRnkKkqfTogsbg7gZNVY4sRDYZ/4=
github.com/project-kessel/ksl-schema-language v0.1.1 h1:ToFqCA+C5NIlh44YxDSOqHsHXiWWhAe9OHgFm9ozEQU=
github.com/project-kessel/ksl-schema-language v0.1.1/go.mod h1:nxfUX6yrpnbDgEw0SOsuRnNmMsOQ5caUx+PeQu4m3To=
github.com/rs/xid v1.5.0/go.mod h1:trrq9SKmegXys3aeAKXMUTdJsYXVwGY3RLcfgqegfbg=
github.com/rs/zerolog v1.32.0 h1:keLypqrlIjaFsbmJOBdB/qvyF8KEtCWHwobLp5l/mQ0=
github.com/rs/zerolog v1.32.0/go.mod h1:/7mN4D5sKwJLZQ2b/znpjC3/GQWY/xaDXUM0kKWRHss=
github.com/stoewer/go-strcase v1.3.0 h1:g0eASXYtp+yvN9fK8sH94oCIk0fau9uV1/ZdJ0AVEzs=
github.com/stoewer/go-strcase v1.3.0/go.mod h1:fAH5hQ5pehh+j3nZfvwdk2RgEgQjAoM8wodgtPmh1xo=
github.com/stretchr/objx v0.1.0/go.mod h1:HFkY916IF+rwdDfMAkV7OtwuqBVzrE8GR6GFx+wExME=
github.com/stretchr/objx v0.4.0/go.mod h1:YvHI0jy2hoMjB+UWwv71VJQ9isScKT/TqJzVSSt89Yw=
github.com/stretchr/objx v0.5.0/go.mod h1:Yh+to48EsGEfYuaHDzXPcE3xhTkx73EhmCGUpEOglKo=
github.com/stretchr/testify v1.7.1/go.mod h1:6Fq8oRcR53rry900zMqJjRRixrwX3KX962/h/Wwjteg=
github.com/stretchr/testify v1.8.0/go.mod h1:yNjHg4UonilssWZ8iaSj1OCr/vHnekPRkoO+kdMU+MU=
github.com/stretchr/testify v1.8.1/go.mod h1:w2LPCIKwWwSfY2zedu0+kehJoqGctiVI29o6fzry7u4=
github.com/stretchr/testify v1.11.1 h1:7s2iGBzp5EwR7/aIZr8ao5+dra3wiQyKjjFuvgVKu7U=
github.com/stretchr/testify v1.11.1/go.mod h1:wZwfW3scLgRK+23gO65QZefKpKQRnfz6sD981Nm4B6U=
go.starlark.net v0.0.0-20260102030733-3fee463870c9 h1:nV1OyvU+0CYrp5eKfQ3rD03TpFYYhH08z31NK1HmtTk=
go.starlark.net v0.0.0-20260102030733-3fee463870c9/go.mod h1:YKMCv9b1WrfWmeqdV5MAuEHWsu5iC+fe6kYl2sQjdI8=
go.starlark.net v0.0.0-20260522144826-ec58d4b459e2 h1:3cIeOhZXLdLHnBoLyKdJu4SEAEuM/av/VFzB5twLo8k=
go.starlark.net v0.0.0-20260522144826-ec58d4b459e2/go.mod h1:Iue6g6iirlfLoVi/DYCi5/x0h/bAOuWF3dULTKpt2Vo=
golang.org/x/exp v0.0.0-20240506185415-9bf2ced13842 h1:vr/HnozRka3pE4EsMEg1lgkXJkTFJCVUX+S/ZT6wYzM=
golang.org/x/exp v0.0.0-20240506185415-9bf2ced13842/go.mod h1:XtvwrStGgqGPLc4cjQfWqZHG1YFdYs6swckp8vpsjnc=
golang.org/x/net v0.25.0 h1:d/OCCoBEUq33pjydKrGQhw7IlUPI2Oylr+8qLx49kac=
golang.org/x/net v0.25.0/go.mod h1:JkAGAh7GEvH74S6FOH42FLoXpXbE/aqXSrIQjXgsiwM=
golang.org/x/sys v0.0.0-20220715151400-c0bba94af5f8 h1:0A+M6Uqn+Eje4kHMK80dtF3JCXC4ykBgQG4Fe06QRhQ=
golang.org/x/sys v0.0.0-20220715151400-c0bba94af5f8/go.mod h1:oPkhp1MJrh7nUepCBck5+mAzfO9JrbApNNgaTdGDITg=
golang.org/x/sys v0.0.0-20220811171246-fbc7d0a398ab/go.mod h1:oPkhp1MJrh7nUepCBck5+mAzfO9JrbApNNgaTdGDITg=
golang.org/x/sys v0.6.0/go.mod h1:oPkhp1MJrh7nUepCBck5+mAzfO9JrbApNNgaTdGDITg=
golang.org/x/sys v0.12.0/go.mod h1:oPkhp1MJrh7nUepCBck5+mAzfO9JrbApNNgaTdGDITg=
golang.org/x/sys v0.42.0 h1:omrd2nAlyT5ESRdCLYdm3+fMfNFE/+Rf4bDIQImRJeo=
golang.org/x/sys v0.42.0/go.mod h1:4GL1E5IUh+htKOUEOaiffhrAeqysfVGipDYzABqnCmw=
golang.org/x/text v0.15.0 h1:h1V/4gjBv8v9cjcR6+AR5+/cIYK5N/WAgiv4xlsEtAk=
golang.org/x/text v0.15.0/go.mod h1:18ZOQIKpY8NJVqYksKHtTdi31H5itFRjB5/qKTNYzSU=
google.golang.org/genproto/googleapis/api v0.0.0-20240415180920-8c6c420018be h1:Zz7rLWqp0ApfsR/l7+zSHhY3PMiH2xqgxlfYfAfNpoU=
google.golang.org/genproto/googleapis/api v0.0.0-20240415180920-8c6c420018be/go.mod h1:dvdCTIoAGbkWbcIKBniID56/7XHTt6WfxXNMxuziJ+w=
google.golang.org/genproto/googleapis/rpc v0.0.0-20240415180920-8c6c420018be h1:LG9vZxsWGOmUKieR8wPAUR3u3MpnYFQZROPIMaXh7/A=
google.golang.org/genproto/googleapis/rpc v0.0.0-20240415180920-8c6c420018be/go.mod h1:WtryC6hu0hhx87FDGxWCDptyssuo68sk10vYjF+T9fY=
google.golang.org/grpc v1.63.2 h1:MUeiw1B2maTVZthpU5xvASfTh3LDbxHd6IJ6QQVU+xM=
google.golang.org/grpc v1.63.2/go.mod h1:WAX/8DgncnokcFUldAxq7GeB5DXHDbMF+lLvDomNkRA=
google.golang.org/protobuf v1.36.11 h1:fV6ZwhNocDyBLK0dj+fg8ektcVegBBuEolpbTQyBNVE=
google.golang.org/protobuf v1.36.11/go.mod h1:HTf+CrKn2C3g5S8VImy6tdcUvCska2kB7j23XfzDpco=
gopkg.in/check.v1 v0.0.0-20161208181325-20d25e280405/go.mod h1:Co6ibVJAznAaIkqp8huTwlJQCZ016jof/cbN4VW5Yz0=
gopkg.in/yaml.v3 v3.0.0-20200313102051-9f266ea9e77c/go.mod h1:K4uyk7z7BCEPqu6E+C64Yfv1cQ7kz7rIZviUmN+EgEM=
gopkg.in/yaml.v3 v3.0.1 h1:fxVm/GzAzEWqLHuvctI91KS9hhNmmWOoWu0XTYJS7CA=
gopkg.in/yaml.v3 v3.0.1/go.mod h1:K4uyk7z7BCEPqu6E+C64Yfv1cQ7kz7rIZviUmN+EgEM=
